DEPENDENCIES
  apt
  build-essential
  ntp
  openssh
  poise-python
  rake
  rsyslog
  ruby_build
  server-base
    path: .
    metadata: true
  zip

GRAPH
  apt (6.1.4)
  build-essential (8.0.4)
    mingw (>= 1.1)
    seven_zip (>= 0.0.0)
  git (9.0.0)
    build-essential (>= 5.0.0)
  iptables (4.3.4)
  mingw (2.0.2)
    seven_zip (>= 0.0.0)
  ntp (3.5.6)
  openssh (2.6.2)
    iptables (>= 1.0)
  poise (2.8.1)
  poise-archive (1.5.0)
    poise (~> 2.6)
  poise-languages (2.1.1)
    poise (~> 2.5)
    poise-archive (~> 1.0)
  poise-python (1.6.0)
    poise (~> 2.7)
    poise-languages (~> 2.0)
  rake (0.1.1)
  rsyslog (6.0.4)
  ruby_build (1.1.0)
    git (>= 0.0.0)
    yum-epel (>= 0.0.0)
  server-base (2.2.1)
    apt (~> 6.1.4)
    build-essential (~> 8.0.4)
    ntp (~> 3.5.6)
    openssh (~> 2.6.1)
    poise-python (~> 1.6.0)
    rake (~> 0.1.1)
    rsyslog (~> 6.0.4)
    ruby_build (~> 1.1.0)
    zip (~> 1.1.0)
  seven_zip (2.0.2)
    windows (>= 1.2.2)
  windows (4.0.1)
  yum-epel (3.1.0)
  zip (1.1.0)
